{
  "version": 4,
  "terraform_version": "1.9.8",
  "serial": 237,
  "lineage": "03da61d3-9605-f947-ca5e-92f30a8a7410",
  "outputs": {
    "FQDN_bastion": {
      "value": "bastion.ru-central1.internal",
      "type": "string"
    },
    "FQDN_elasticsearch": {
      "value": "elasticsearch.ru-central1.internal",
      "type": "string"
    },
    "FQDN_kibana": {
      "value": "kibana.ru-central1.internal",
      "type": "string"
    },
    "FQDN_web1": {
      "value": "web1.ru-central1.internal",
      "type": "string"
    },
    "FQDN_web2": {
      "value": "web2.ru-central1.internal",
      "type": "string"
    },
    "FQDN_zabbix": {
      "value": "zabbix-server.ru-central1.internal",
      "type": "string"
    },
    "bastion": {
      "value": "192.168.3.10",
      "type": "string"
    },
    "bastion_nat": {
      "value": "158.160.45.152",
      "type": "string"
    },
    "elasticsearch": {
      "value": "192.168.2.30",
      "type": "string"
    },
    "kibana": {
      "value": "192.168.3.30",
      "type": "string"
    },
    "kibana-nat": {
      "value": "158.160.35.251",
      "type": "string"
    },
    "load_balancer_pub": {
      "value": [
        {
          "address": "84.201.168.146"
        }
      ],
      "type": [
        "list",
        [
          "object",
          {
            "address": "string"
          }
        ]
      ]
    },
    "web1": {
      "value": "192.168.1.10",
      "type": "string"
    },
    "web2": {
      "value": "192.168.2.10",
      "type": "string"
    },
    "zabbix": {
      "value": "192.168.3.20",
      "type": "string"
    },
    "zabbix_nat": {
      "value": "89.169.143.194",
      "type": "string"
    }
  },
  "resources": [
    {
      "mode": "managed",
      "type": "local_file",
      "name": "ansible_inventory",
      "provider": "provider[\"registry.terraform.io/hashicorp/local\"]",
      "instances": [
        {
          "schema_version": 0,
          "attributes": {
            "content": "[web_servers]\nweb1 ansible_host=web1.ru-central1.internal\nweb2 ansible_host=web2.ru-central1.internal\n\n[web_server_1]\nweb1 ansible_host=web1.ru-central1.internal\n\n[web_server_2]\nweb2 ansible_host=web2.ru-central1.internal\n\n[zabbix_server]\nzabbix ansible_host=zabbix-server.ru-central1.internal\n\n[elastic_server]\nelasticsearch ansible_host=elasticsearch.ru-central1.internal\n\n[kibana_server]\nkibana ansible_host=kibana.ru-central1.internal\n\n[bastion_server]\nbastion ansible_host=192.168.3.10\n\n[all:vars]\nansible_user=ekarih\nansible_ssh_private_key_file=/home/ekarih/.ssh/id_rsa\nansible_ssh_common_args='-o StrictHostKeyChecking=no -o ProxyCommand=\"ssh -p 22 -W %h:%p -q boris@158.160.45.152\"'\n    \n",
            "content_base64": null,
            "content_base64sha256": "badqJ9DI6F08CwnLzdOsY5gSokKoQoKAwkTkrWHvoLE=",
            "content_base64sha512": "O0e/+iQdKGMfA9FJ8HRbVJDIdvYIo0vkEhsyZMDugb+sJ2AmLotrkfuy+UkmqB/vSDjS/YnYoe8nqVYOHaqq+w==",
            "content_md5": "961eb1f84cb1c57a2c06f78658e12d77",
            "content_sha1": "da775d08fe5114a81c3181ed8196c9b7484a8242",
            "content_sha256": "6da76a27d0c8e85d3c0b09cbcdd3ac639812a242a8428280c244e4ad61efa0b1",
            "content_sha512": "3b47bffa241d28631f03d149f0745b5490c876f608a34be4121b3264c0ee81bfac2760262e8b6b91fbb2f94926a81fef4838d2fd89d8a1ef27a9560e1daaaafb",
            "directory_permission": "0777",
            "file_permission": "0777",
            "filename": "../ansible_netology/inventory.ini",
            "id": "da775d08fe5114a81c3181ed8196c9b7484a8242",
            "sensitive_content": null,
            "source": null
          },
          "sensitive_attributes": [
            [
              {
                "type": "get_attr",
                "value": "sensitive_content"
              }
            ]
          ],
          "dependencies": [
            "yandex_compute_instance.bastion",
            "yandex_compute_instance.elasticsearch",
            "yandex_compute_instance.kibana",
            "yandex_compute_instance.web1",
            "yandex_compute_instance.web2",
            "yandex_compute_instance.zabbix-server",
            "yandex_vpc_gateway.nat_gateway",
            "yandex_vpc_network.bastion-network",
            "yandex_vpc_route_table.rout",
            "yandex_vpc_security_group.alb-sg",
            "yandex_vpc_security_group.external-ssh-sg",
            "yandex_vpc_security_group.internal-sg",
            "yandex_vpc_security_group.kibana-sg",
            "yandex_vpc_security_group.zabbix-server-sg",
            "yandex_vpc_subnet.bastion-ext",
            "yandex_vpc_subnet.bastion-web1",
            "yandex_vpc_subnet.bastion-web2"
          ]
        }
      ]
    },
    {
      "mode": "managed",
      "type": "yandex_alb_backend_group",
      "name": "bg",
      "provider": "provider[\"registry.terraform.io/yandex-cloud/yandex\"]",
      "instances": [
        {
          "schema_version": 0,
          "attributes": {
            "created_at": "2024-11-16T17:15:31Z",
            "description": "",
            "folder_id": "b1gg47fletvcualrhmop",
            "grpc_backend": [],
            "http_backend": [
              {
                "healthcheck": [
                  {
                    "grpc_healthcheck": [],
                    "healthcheck_port": 80,
                    "healthy_threshold": 10,
                    "http_healthcheck": [
                      {
                        "host": "",
                        "http2": false,
                        "path": "/"
                      }
                    ],
                    "interval": "2s",
                    "interval_jitter_percent": 0,
                    "stream_healthcheck": [],
                    "timeout": "10s",
                    "unhealthy_threshold": 15
                  }
                ],
                "http2": false,
                "load_balancing_config": [
                  {
                    "locality_aware_routing_percent": 0,
                    "mode": "ROUND_ROBIN",
                    "panic_threshold": 90,
                    "strict_locality": false
                  }
                ],
                "name": "http-backend",
                "port": 80,
                "storage_bucket": "",
                "target_group_ids": [
                  "ds7adb36un4jeqdv754c"
                ],
                "tls": [],
                "weight": 1
              }
            ],
            "id": "ds77mm6u71vnjingqgoq",
            "labels": {},
            "name": "web-bg",
            "session_affinity": [],
            "stream_backend": [],
            "timeouts": null
          },
          "sensitive_attributes": [],
          "private": "eyJlMmJmYjczMC1lY2FhLTExZTYtOGY4OC0zNDM2M2JjN2M0YzAiOnsiY3JlYXRlIjozMDAwMDAwMDAwMDAsImRlbGV0ZSI6MzAwMDAwMDAwMDAwLCJ1cGRhdGUiOjMwMDAwMDAwMDAwMH19",
          "dependencies": [
            "yandex_alb_target_group.tg-web",
            "yandex_compute_instance.web1",
            "yandex_compute_instance.web2",
            "yandex_vpc_gateway.nat_gateway",
            "yandex_vpc_network.bastion-network",
            "yandex_vpc_route_table.rout",
            "yandex_vpc_security_group.alb-sg",
            "yandex_vpc_security_group.internal-sg",
            "yandex_vpc_security_group.zabbix-server-sg",
            "yandex_vpc_subnet.bastion-ext",
            "yandex_vpc_subnet.bastion-web1",
            "yandex_vpc_subnet.bastion-web2"
          ]
        }
      ]
    },
    {
      "mode": "managed",
      "type": "yandex_alb_http_router",
      "name": "tf-router",
      "provider": "provider[\"registry.terraform.io/yandex-cloud/yandex\"]",
      "instances": [
        {
          "schema_version": 0,
          "attributes": {
            "created_at": "2024-11-16T17:14:10Z",
            "description": "",
            "folder_id": "b1gg47fletvcualrhmop",
            "id": "ds7t3gbcvcf3obfo4m2e",
            "labels": {},
            "name": "tf-router",
            "route_options": [],
            "timeouts": null
          },
          "sensitive_attributes": [],
          "private": "eyJlMmJmYjczMC1lY2FhLTExZTYtOGY4OC0zNDM2M2JjN2M0YzAiOnsiY3JlYXRlIjozMDAwMDAwMDAwMDAsImRlbGV0ZSI6MzAwMDAwMDAwMDAwLCJ1cGRhdGUiOjMwMDAwMDAwMDAwMH19"
        }
      ]
    },
    {
      "mode": "managed",
      "type": "yandex_alb_load_balancer",
      "name": "alblb",
      "provider": "provider[\"registry.terraform.io/yandex-cloud/yandex\"]",
      "instances": [
        {
          "schema_version": 0,
          "attributes": {
            "allocation_policy": [
              {
                "location": [
                  {
                    "disable_traffic": false,
                    "subnet_id": "e2l4gdut9ktrugqj12rj",
                    "zone_id": "ru-central1-b"
                  }
                ]
              }
            ],
            "created_at": "2024-11-16T17:14:17Z",
            "description": "",
            "folder_id": "b1gg47fletvcualrhmop",
            "id": "ds7hu5meju8nkpjqrfol",
            "labels": {},
            "listener": [
              {
                "endpoint": [
                  {
                    "address": [
                      {
                        "external_ipv4_address": [
                          {
                            "address": "84.201.168.146"
                          }
                        ],
                        "external_ipv6_address": [],
                        "internal_ipv4_address": []
                      }
                    ],
                    "ports": [
                      80
                    ]
                  }
                ],
                "http": [
                  {
                    "handler": [
                      {
                        "allow_http10": false,
                        "http2_options": [],
                        "http_router_id": "ds7t3gbcvcf3obfo4m2e",
                        "rewrite_request_id": false
                      }
                    ],
                    "redirects": []
                  }
                ],
                "name": "list",
                "stream": [],
                "tls": []
              }
            ],
            "log_group_id": "",
            "log_options": [
              {
                "disable": false,
                "discard_rule": [
                  {
                    "discard_percent": 75,
                    "grpc_codes": [],
                    "http_code_intervals": [
                      "HTTP_2XX"
                    ],
                    "http_codes": []
                  }
                ],
                "log_group_id": ""
              }
            ],
            "name": "alblb",
            "network_id": "enpfg1qsamdbptqi09kd",
            "region_id": "",
            "security_group_ids": [
              "enp9d0denip2sp1ftoou",
              "enpjdov1i85mq4u6qg14",
              "enpn5ck9mtu8f21a7616"
            ],
            "status": "active",
            "timeouts": null
          },
          "sensitive_attributes": [],
          "private": "eyJlMmJmYjczMC1lY2FhLTExZTYtOGY4OC0zNDM2M2JjN2M0YzAiOnsiY3JlYXRlIjo2MDAwMDAwMDAwMDAsImRlbGV0ZSI6NjAwMDAwMDAwMDAwLCJ1cGRhdGUiOjYwMDAwMDAwMDAwMH19",
          "dependencies": [
            "yandex_alb_http_router.tf-router",
            "yandex_vpc_network.bastion-network",
            "yandex_vpc_security_group.alb-sg",
            "yandex_vpc_security_group.external-ssh-sg",
            "yandex_vpc_security_group.internal-sg",
            "yandex_vpc_subnet.bastion-balans"
          ]
        }
      ]
    },
    {
      "mode": "managed",
      "type": "yandex_alb_target_group",
      "name": "tg-web",
      "provider": "provider[\"registry.terraform.io/yandex-cloud/yandex\"]",
      "instances": [
        {
          "schema_version": 0,
          "attributes": {
            "created_at": "2024-11-16T17:15:30Z",
            "description": "",
            "folder_id": "b1gg47fletvcualrhmop",
            "id": "ds7adb36un4jeqdv754c",
            "labels": {},
            "name": "tg-web",
            "target": [
              {
                "ip_address": "192.168.1.10",
                "private_ipv4_address": false,
                "subnet_id": "e9bjbval8hpu2q93t6fa"
              },
              {
                "ip_address": "192.168.2.10",
                "private_ipv4_address": false,
                "subnet_id": "e2l58qejll5kmjqnvfhc"
              }
            ],
            "timeouts": null
          },
          "sensitive_attributes": [],
          "private": "eyJlMmJmYjczMC1lY2FhLTExZTYtOGY4OC0zNDM2M2JjN2M0YzAiOnsiY3JlYXRlIjozMDAwMDAwMDAwMDAsImRlbGV0ZSI6MzAwMDAwMDAwMDAwLCJ1cGRhdGUiOjMwMDAwMDAwMDAwMH19",
          "dependencies": [
            "yandex_compute_instance.web1",
            "yandex_compute_instance.web2",
            "yandex_vpc_gateway.nat_gateway",
            "yandex_vpc_network.bastion-network",
            "yandex_vpc_route_table.rout",
            "yandex_vpc_security_group.alb-sg",
            "yandex_vpc_security_group.internal-sg",
            "yandex_vpc_security_group.zabbix-server-sg",
            "yandex_vpc_subnet.bastion-ext",
            "yandex_vpc_subnet.bastion-web1",
            "yandex_vpc_subnet.bastion-web2"
          ]
        }
      ]
    },
    {
      "mode": "managed",
      "type": "yandex_alb_virtual_host",
      "name": "virtualhost",
      "provider": "provider[\"registry.terraform.io/yandex-cloud/yandex\"]",
      "instances": [
        {
          "schema_version": 0,
          "attributes": {
            "authority": [],
            "http_router_id": "ds7t3gbcvcf3obfo4m2e",
            "id": "ds7t3gbcvcf3obfo4m2e/virtualhost",
            "modify_request_headers": [],
            "modify_response_headers": [],
            "name": "virtualhost",
            "route": [
              {
                "grpc_route": [],
                "http_route": [
                  {
                    "direct_response_action": [],
                    "http_match": [],
                    "http_route_action": [
                      {
                        "auto_host_rewrite": false,
                        "backend_group_id": "ds77mm6u71vnjingqgoq",
                        "host_rewrite": "",
                        "idle_timeout": "",
                        "prefix_rewrite": "",
                        "timeout": "1m0s",
                        "upgrade_types": []
                      }
                    ],
                    "redirect_action": []
                  }
                ],
                "name": "route",
                "route_options": []
              }
            ],
            "route_options": [],
            "timeouts": null
          },
          "sensitive_attributes": [],
          "private": "eyJlMmJmYjczMC1lY2FhLTExZTYtOGY4OC0zNDM2M2JjN2M0YzAiOnsiY3JlYXRlIjozMDAwMDAwMDAwMDAsImRlbGV0ZSI6MzAwMDAwMDAwMDAwLCJ1cGRhdGUiOjMwMDAwMDAwMDAwMH19",
          "dependencies": [
            "yandex_alb_backend_group.bg",
            "yandex_alb_http_router.tf-router",
            "yandex_alb_target_group.tg-web",
            "yandex_compute_instance.web1",
            "yandex_compute_instance.web2",
            "yandex_vpc_gateway.nat_gateway",
            "yandex_vpc_network.bastion-network",
            "yandex_vpc_route_table.rout",
            "yandex_vpc_security_group.alb-sg",
            "yandex_vpc_security_group.internal-sg",
            "yandex_vpc_security_group.zabbix-server-sg",
            "yandex_vpc_subnet.bastion-ext",
            "yandex_vpc_subnet.bastion-web1",
            "yandex_vpc_subnet.bastion-web2"
          ]
        }
      ]
    },
    {
      "mode": "managed",
      "type": "yandex_compute_instance",
      "name": "bastion",
      "provider": "provider[\"registry.terraform.io/yandex-cloud/yandex\"]",
      "instances": [
        {
          "schema_version": 1,
          "attributes": {
            "allow_recreate": null,
            "allow_stopping_for_update": true,
            "boot_disk": [
              {
                "auto_delete": true,
                "device_name": "fhm7o30r2evdcvj7eh3b",
                "disk_id": "fhm7o30r2evdcvj7eh3b",
                "initialize_params": [
                  {
                    "block_size": 4096,
                    "description": "",
                    "image_id": "fd8la94d0qhv8eadc3tn",
                    "name": "",
                    "size": 10,
                    "snapshot_id": "",
                    "type": "network-hdd"
                  }
                ],
                "mode": "READ_WRITE"
              }
            ],
            "created_at": "2024-11-16T17:14:17Z",
            "description": "",
            "filesystem": [],
            "folder_id": "b1gg47fletvcualrhmop",
            "fqdn": "bastion.ru-central1.internal",
            "gpu_cluster_id": "",
            "hardware_generation": [
              {
                "generation2_features": [],
                "legacy_features": [
                  {
                    "pci_topology": "PCI_TOPOLOGY_V1"
                  }
                ]
              }
            ],
            "hostname": "bastion",
            "id": "fhmol4kpsaj1od9a61or",
            "labels": {},
            "local_disk": [],
            "maintenance_grace_period": "",
            "maintenance_policy": null,
            "metadata": {
              "user-data": "#cloud-config\n\nusers:\n  - name: boris\n    groups: sudo\n    shell: /bin/bash\n    sudo: ['ALL=(ALL) NOPASSWD:ALL']\n    ssh_authorized_keys:\n      - ssh-ed25519 AAAAC3NzaC1lZDI1NTE5AAAAIJeq2ZAnrYuOC8xl4OdNC3as/otDyf/vMTg3BEIuSz0A boris@boris-VirtualBox"
            },
            "metadata_options": [
              {
                "aws_v1_http_endpoint": 1,
                "aws_v1_http_token": 2,
                "gce_http_endpoint": 1,
                "gce_http_token": 1
              }
            ],
            "name": "bastion",
            "network_acceleration_type": "standard",
            "network_interface": [
              {
                "dns_record": [
                  {
                    "dns_zone_id": "",
                    "fqdn": "bastion.srv.",
                    "ptr": false,
                    "ttl": 300
                  }
                ],
                "index": 0,
                "ip_address": "192.168.3.10",
                "ipv4": true,
                "ipv6": false,
                "ipv6_address": "",
                "ipv6_dns_record": [],
                "mac_address": "d0:0d:18:a9:29:9e",
                "nat": true,
                "nat_dns_record": [],
                "nat_ip_address": "158.160.45.152",
                "nat_ip_version": "IPV4",
                "security_group_ids": [
                  "enp8vadg9i2rp70h2kou",
                  "enp9d0denip2sp1ftoou",
                  "enpjdov1i85mq4u6qg14",
                  "enps7np0iltm9v2ip0pj"
                ],
                "subnet_id": "e9blbcrj3mn3dm6kf1t6"
              }
            ],
            "placement_policy": [
              {
                "host_affinity_rules": [],
                "placement_group_id": "",
                "placement_group_partition": 0
              }
            ],
            "platform_id": "standard-v1",
            "resources": [
              {
                "core_fraction": 20,
                "cores": 2,
                "gpus": 0,
                "memory": 2
              }
            ],
            "scheduling_policy": [
              {
                "preemptible": true
              }
            ],
            "secondary_disk": [],
            "service_account_id": "",
            "status": "running",
            "timeouts": null,
            "zone": "ru-central1-a"
          },
          "sensitive_attributes": [],
          "private": "eyJlMmJmYjczMC1lY2FhLTExZTYtOGY4OC0zNDM2M2JjN2M0YzAiOnsiY3JlYXRlIjozMDAwMDAwMDAwMDAsImRlbGV0ZSI6MzAwMDAwMDAwMDAwLCJ1cGRhdGUiOjMwMDAwMDAwMDAwMH0sInNjaGVtYV92ZXJzaW9uIjoiMSJ9",
          "dependencies": [
            "yandex_vpc_gateway.nat_gateway",
            "yandex_vpc_network.bastion-network",
            "yandex_vpc_route_table.rout",
            "yandex_vpc_security_group.external-ssh-sg",
            "yandex_vpc_security_group.internal-sg",
            "yandex_vpc_security_group.kibana-sg",
            "yandex_vpc_security_group.zabbix-server-sg",
            "yandex_vpc_subnet.bastion-ext",
            "yandex_vpc_subnet.bastion-web1",
            "yandex_vpc_subnet.bastion-web2"
          ]
        }
      ]
    },
    {
      "mode": "managed",
      "type": "yandex_compute_instance",
      "name": "elasticsearch",
      "provider": "provider[\"registry.terraform.io/yandex-cloud/yandex\"]",
      "instances": [
        {
          "schema_version": 1,
          "attributes": {
            "allow_recreate": null,
            "allow_stopping_for_update": true,
            "boot_disk": [
              {
                "auto_delete": true,
                "device_name": "epdo3njse3anff77745g",
                "disk_id": "epdo3njse3anff77745g",
                "initialize_params": [
                  {
                    "block_size": 4096,
                    "description": "",
                    "image_id": "fd8la94d0qhv8eadc3tn",
                    "name": "",
                    "size": 10,
                    "snapshot_id": "",
                    "type": "network-hdd"
                  }
                ],
                "mode": "READ_WRITE"
              }
            ],
            "created_at": "2024-11-16T17:14:17Z",
            "description": "",
            "filesystem": [],
            "folder_id": "b1gg47fletvcualrhmop",
            "fqdn": "elasticsearch.ru-central1.internal",
            "gpu_cluster_id": "",
            "hardware_generation": [
              {
                "generation2_features": [],
                "legacy_features": [
                  {
                    "pci_topology": "PCI_TOPOLOGY_V1"
                  }
                ]
              }
            ],
            "hostname": "elasticsearch",
            "id": "epdnf0ktckb1tvci8dur",
            "labels": {},
            "local_disk": [],
            "maintenance_grace_period": "",
            "maintenance_policy": null,
            "metadata": {
              "user-data": "#cloud-config\n\nusers:\n  - name: boris\n    groups: sudo\n    shell: /bin/bash\n    sudo: ['ALL=(ALL) NOPASSWD:ALL']\n    ssh_authorized_keys:\n      - ssh-ed25519 AAAAC3NzaC1lZDI1NTE5AAAAIJeq2ZAnrYuOC8xl4OdNC3as/otDyf/vMTg3BEIuSz0A boris@boris-VirtualBox"
            },
            "metadata_options": [
              {
                "aws_v1_http_endpoint": 1,
                "aws_v1_http_token": 2,
                "gce_http_endpoint": 1,
                "gce_http_token": 1
              }
            ],
            "name": "elasticsearch",
            "network_acceleration_type": "standard",
            "network_interface": [
              {
                "dns_record": [
                  {
                    "dns_zone_id": "",
                    "fqdn": "elasticsearch.srv.",
                    "ptr": false,
                    "ttl": 300
                  }
                ],
                "index": 0,
                "ip_address": "192.168.2.30",
                "ipv4": true,
                "ipv6": false,
                "ipv6_address": "",
                "ipv6_dns_record": [],
                "mac_address": "d0:0d:17:78:29:d6",
                "nat": false,
                "nat_dns_record": [],
                "nat_ip_address": "",
                "nat_ip_version": "",
                "security_group_ids": [
                  "enp8vadg9i2rp70h2kou",
                  "enp9d0denip2sp1ftoou",
                  "enpjdov1i85mq4u6qg14"
                ],
                "subnet_id": "e2l58qejll5kmjqnvfhc"
              }
            ],
            "placement_policy": [
              {
                "host_affinity_rules": [],
                "placement_group_id": "",
                "placement_group_partition": 0
              }
            ],
            "platform_id": "standard-v1",
            "resources": [
              {
                "core_fraction": 20,
                "cores": 2,
                "gpus": 0,
                "memory": 2
              }
            ],
            "scheduling_policy": [
              {
                "preemptible": true
              }
            ],
            "secondary_disk": [],
            "service_account_id": "",
            "status": "running",
            "timeouts": null,
            "zone": "ru-central1-b"
          },
          "sensitive_attributes": [],
          "private": "eyJlMmJmYjczMC1lY2FhLTExZTYtOGY4OC0zNDM2M2JjN2M0YzAiOnsiY3JlYXRlIjozMDAwMDAwMDAwMDAsImRlbGV0ZSI6MzAwMDAwMDAwMDAwLCJ1cGRhdGUiOjMwMDAwMDAwMDAwMH0sInNjaGVtYV92ZXJzaW9uIjoiMSJ9",
          "dependencies": [
            "yandex_vpc_gateway.nat_gateway",
            "yandex_vpc_network.bastion-network",
            "yandex_vpc_route_table.rout",
            "yandex_vpc_security_group.external-ssh-sg",
            "yandex_vpc_security_group.internal-sg",
            "yandex_vpc_security_group.zabbix-server-sg",
            "yandex_vpc_subnet.bastion-ext",
            "yandex_vpc_subnet.bastion-web1",
            "yandex_vpc_subnet.bastion-web2"
          ]
        }
      ]
    },
    {
      "mode": "managed",
      "type": "yandex_compute_instance",
      "name": "kibana",
      "provider": "provider[\"registry.terraform.io/yandex-cloud/yandex\"]",
      "instances": [
        {
          "schema_version": 1,
          "attributes": {
            "allow_recreate": null,
            "allow_stopping_for_update": true,
            "boot_disk": [
              {
                "auto_delete": true,
                "device_name": "fhmuepvothc9ho99i0hv",
                "disk_id": "fhmuepvothc9ho99i0hv",
                "initialize_params": [
                  {
                    "block_size": 4096,
                    "description": "",
                    "image_id": "fd8la94d0qhv8eadc3tn",
                    "name": "",
                    "size": 10,
                    "snapshot_id": "",
                    "type": "network-hdd"
                  }
                ],
                "mode": "READ_WRITE"
              }
            ],
            "created_at": "2024-11-16T17:14:17Z",
            "description": "",
            "filesystem": [],
            "folder_id": "b1gg47fletvcualrhmop",
            "fqdn": "kibana.ru-central1.internal",
            "gpu_cluster_id": "",
            "hardware_generation": [
              {
                "generation2_features": [],
                "legacy_features": [
                  {
                    "pci_topology": "PCI_TOPOLOGY_V1"
                  }
                ]
              }
            ],
            "hostname": "kibana",
            "id": "fhmk6vr3cqnkk6kea4e6",
            "labels": {},
            "local_disk": [],
            "maintenance_grace_period": "",
            "maintenance_policy": null,
            "metadata": {
              "user-data": "#cloud-config\n\nusers:\n  - name: boris\n    groups: sudo\n    shell: /bin/bash\n    sudo: ['ALL=(ALL) NOPASSWD:ALL']\n    ssh_authorized_keys:\n      - ssh-ed25519 AAAAC3NzaC1lZDI1NTE5AAAAIJeq2ZAnrYuOC8xl4OdNC3as/otDyf/vMTg3BEIuSz0A boris@boris-VirtualBox"
            },
            "metadata_options": [
              {
                "aws_v1_http_endpoint": 1,
                "aws_v1_http_token": 2,
                "gce_http_endpoint": 1,
                "gce_http_token": 1
              }
            ],
            "name": "kibana",
            "network_acceleration_type": "standard",
            "network_interface": [
              {
                "dns_record": [
                  {
                    "dns_zone_id": "",
                    "fqdn": "kibana.srv.",
                    "ptr": false,
                    "ttl": 300
                  }
                ],
                "index": 0,
                "ip_address": "192.168.3.30",
                "ipv4": true,
                "ipv6": false,
                "ipv6_address": "",
                "ipv6_dns_record": [],
                "mac_address": "d0:0d:14:37:f6:36",
                "nat": true,
                "nat_dns_record": [],
                "nat_ip_address": "158.160.35.251",
                "nat_ip_version": "IPV4",
                "security_group_ids": [
                  "enp8vadg9i2rp70h2kou",
                  "enp9d0denip2sp1ftoou",
                  "enpjdov1i85mq4u6qg14",
                  "enps7np0iltm9v2ip0pj"
                ],
                "subnet_id": "e9blbcrj3mn3dm6kf1t6"
              }
            ],
            "placement_policy": [
              {
                "host_affinity_rules": [],
                "placement_group_id": "",
                "placement_group_partition": 0
              }
            ],
            "platform_id": "standard-v1",
            "resources": [
              {
                "core_fraction": 20,
                "cores": 2,
                "gpus": 0,
                "memory": 2
              }
            ],
            "scheduling_policy": [
              {
                "preemptible": true
              }
            ],
            "secondary_disk": [],
            "service_account_id": "",
            "status": "running",
            "timeouts": null,
            "zone": "ru-central1-a"
          },
          "sensitive_attributes": [],
          "private": "eyJlMmJmYjczMC1lY2FhLTExZTYtOGY4OC0zNDM2M2JjN2M0YzAiOnsiY3JlYXRlIjozMDAwMDAwMDAwMDAsImRlbGV0ZSI6MzAwMDAwMDAwMDAwLCJ1cGRhdGUiOjMwMDAwMDAwMDAwMH0sInNjaGVtYV92ZXJzaW9uIjoiMSJ9",
          "dependencies": [
            "yandex_vpc_gateway.nat_gateway",
            "yandex_vpc_network.bastion-network",
            "yandex_vpc_route_table.rout",
            "yandex_vpc_security_group.external-ssh-sg",
            "yandex_vpc_security_group.internal-sg",
            "yandex_vpc_security_group.kibana-sg",
            "yandex_vpc_security_group.zabbix-server-sg",
            "yandex_vpc_subnet.bastion-ext",
            "yandex_vpc_subnet.bastion-web1",
            "yandex_vpc_subnet.bastion-web2"
          ]
        }
      ]
    },
    {
      "mode": "managed",
      "type": "yandex_compute_instance",
      "name": "web1",
      "provider": "provider[\"registry.terraform.io/yandex-cloud/yandex\"]",
      "instances": [
        {
          "schema_version": 1,
          "attributes": {
            "allow_recreate": null,
            "allow_stopping_for_update": true,
            "boot_disk": [
              {
                "auto_delete": true,
                "device_name": "fhmq60116l80t7873aaf",
                "disk_id": "fhmq60116l80t7873aaf",
                "initialize_params": [
                  {
                    "block_size": 4096,
                    "description": "",
                    "image_id": "fd8la94d0qhv8eadc3tn",
                    "name": "",
                    "size": 10,
                    "snapshot_id": "",
                    "type": "network-hdd"
                  }
                ],
                "mode": "READ_WRITE"
              }
            ],
            "created_at": "2024-11-16T17:14:16Z",
            "description": "",
            "filesystem": [],
            "folder_id": "b1gg47fletvcualrhmop",
            "fqdn": "web1.ru-central1.internal",
            "gpu_cluster_id": "",
            "hardware_generation": [
              {
                "generation2_features": [],
                "legacy_features": [
                  {
                    "pci_topology": "PCI_TOPOLOGY_V1"
                  }
                ]
              }
            ],
            "hostname": "web1",
            "id": "fhmi85rs4pf4g62l7jfh",
            "labels": {},
            "local_disk": [],
            "maintenance_grace_period": "",
            "maintenance_policy": null,
            "metadata": {
              "user-data": "#cloud-config\n\nusers:\n  - name: boris\n    groups: sudo\n    shell: /bin/bash\n    sudo: ['ALL=(ALL) NOPASSWD:ALL']\n    ssh_authorized_keys:\n      - ssh-ed25519 AAAAC3NzaC1lZDI1NTE5AAAAIJeq2ZAnrYuOC8xl4OdNC3as/otDyf/vMTg3BEIuSz0A boris@boris-VirtualBox"
            },
            "metadata_options": [
              {
                "aws_v1_http_endpoint": 1,
                "aws_v1_http_token": 2,
                "gce_http_endpoint": 1,
                "gce_http_token": 1
              }
            ],
            "name": "web1",
            "network_acceleration_type": "standard",
            "network_interface": [
              {
                "dns_record": [
                  {
                    "dns_zone_id": "",
                    "fqdn": "web1.srv.",
                    "ptr": false,
                    "ttl": 300
                  }
                ],
                "index": 0,
                "ip_address": "192.168.1.10",
                "ipv4": true,
                "ipv6": false,
                "ipv6_address": "",
                "ipv6_dns_record": [],
                "mac_address": "d0:0d:12:41:77:c2",
                "nat": false,
                "nat_dns_record": [],
                "nat_ip_address": "",
                "nat_ip_version": "",
                "security_group_ids": [
                  "enp8vadg9i2rp70h2kou",
                  "enp9d0denip2sp1ftoou",
                  "enpn5ck9mtu8f21a7616"
                ],
                "subnet_id": "e9bjbval8hpu2q93t6fa"
              }
            ],
            "placement_policy": [
              {
                "host_affinity_rules": [],
                "placement_group_id": "",
                "placement_group_partition": 0
              }
            ],
            "platform_id": "standard-v1",
            "resources": [
              {
                "core_fraction": 20,
                "cores": 2,
                "gpus": 0,
                "memory": 2
              }
            ],
            "scheduling_policy": [
              {
                "preemptible": true
              }
            ],
            "secondary_disk": [],
            "service_account_id": "",
            "status": "running",
            "timeouts": null,
            "zone": "ru-central1-a"
          },
          "sensitive_attributes": [],
          "private": "eyJlMmJmYjczMC1lY2FhLTExZTYtOGY4OC0zNDM2M2JjN2M0YzAiOnsiY3JlYXRlIjozMDAwMDAwMDAwMDAsImRlbGV0ZSI6MzAwMDAwMDAwMDAwLCJ1cGRhdGUiOjMwMDAwMDAwMDAwMH0sInNjaGVtYV92ZXJzaW9uIjoiMSJ9",
          "dependencies": [
            "yandex_vpc_gateway.nat_gateway",
            "yandex_vpc_network.bastion-network",
            "yandex_vpc_route_table.rout",
            "yandex_vpc_security_group.alb-sg",
            "yandex_vpc_security_group.internal-sg",
            "yandex_vpc_security_group.zabbix-server-sg",
            "yandex_vpc_subnet.bastion-ext",
            "yandex_vpc_subnet.bastion-web1",
            "yandex_vpc_subnet.bastion-web2"
          ]
        }
      ]
    },
    {
      "mode": "managed",
      "type": "yandex_compute_instance",
      "name": "web2",
      "provider": "provider[\"registry.terraform.io/yandex-cloud/yandex\"]",
      "instances": [
        {
          "schema_version": 1,
          "attributes": {
            "allow_recreate": null,
            "allow_stopping_for_update": true,
            "boot_disk": [
              {
                "auto_delete": true,
                "device_name": "epdkdu034fdv2rp2gtuo",
                "disk_id": "epdkdu034fdv2rp2gtuo",
                "initialize_params": [
                  {
                    "block_size": 4096,
                    "description": "",
                    "image_id": "fd8la94d0qhv8eadc3tn",
                    "name": "",
                    "size": 10,
                    "snapshot_id": "",
                    "type": "network-hdd"
                  }
                ],
                "mode": "READ_WRITE"
              }
            ],
            "created_at": "2024-11-16T17:14:16Z",
            "description": "",
            "filesystem": [],
            "folder_id": "b1gg47fletvcualrhmop",
            "fqdn": "web2.ru-central1.internal",
            "gpu_cluster_id": "",
            "hardware_generation": [
              {
                "generation2_features": [],
                "legacy_features": [
                  {
                    "pci_topology": "PCI_TOPOLOGY_V1"
                  }
                ]
              }
            ],
            "hostname": "web2",
            "id": "epd5rmlof1ghplilvfle",
            "labels": {},
            "local_disk": [],
            "maintenance_grace_period": "",
            "maintenance_policy": null,
            "metadata": {
              "user-data": "#cloud-config\n\nusers:\n  - name: boris\n    groups: sudo\n    shell: /bin/bash\n    sudo: ['ALL=(ALL) NOPASSWD:ALL']\n    ssh_authorized_keys:\n      - ssh-ed25519 AAAAC3NzaC1lZDI1NTE5AAAAIJeq2ZAnrYuOC8xl4OdNC3as/otDyf/vMTg3BEIuSz0A boris@boris-VirtualBox"
            },
            "metadata_options": [
              {
                "aws_v1_http_endpoint": 1,
                "aws_v1_http_token": 2,
                "gce_http_endpoint": 1,
                "gce_http_token": 1
              }
            ],
            "name": "web2",
            "network_acceleration_type": "standard",
            "network_interface": [
              {
                "dns_record": [
                  {
                    "dns_zone_id": "",
                    "fqdn": "web2.srv.",
                    "ptr": false,
                    "ttl": 300
                  }
                ],
                "index": 0,
                "ip_address": "192.168.2.10",
                "ipv4": true,
                "ipv6": false,
                "ipv6_address": "",
                "ipv6_dns_record": [],
                "mac_address": "d0:0d:5d:da:b8:78",
                "nat": false,
                "nat_dns_record": [],
                "nat_ip_address": "",
                "nat_ip_version": "",
                "security_group_ids": [
                  "enp8vadg9i2rp70h2kou",
                  "enp9d0denip2sp1ftoou",
                  "enpn5ck9mtu8f21a7616"
                ],
                "subnet_id": "e2l58qejll5kmjqnvfhc"
              }
            ],
            "placement_policy": [
              {
                "host_affinity_rules": [],
                "placement_group_id": "",
                "placement_group_partition": 0
              }
            ],
            "platform_id": "standard-v1",
            "resources": [
              {
                "core_fraction": 20,
                "cores": 2,
                "gpus": 0,
                "memory": 2
              }
            ],
            "scheduling_policy": [
              {
                "preemptible": true
              }
            ],
            "secondary_disk": [],
            "service_account_id": "",
            "status": "running",
            "timeouts": null,
            "zone": "ru-central1-b"
          },
          "sensitive_attributes": [],
          "private": "eyJlMmJmYjczMC1lY2FhLTExZTYtOGY4OC0zNDM2M2JjN2M0YzAiOnsiY3JlYXRlIjozMDAwMDAwMDAwMDAsImRlbGV0ZSI6MzAwMDAwMDAwMDAwLCJ1cGRhdGUiOjMwMDAwMDAwMDAwMH0sInNjaGVtYV92ZXJzaW9uIjoiMSJ9",
          "dependencies": [
            "yandex_vpc_gateway.nat_gateway",
            "yandex_vpc_network.bastion-network",
            "yandex_vpc_route_table.rout",
            "yandex_vpc_security_group.alb-sg",
            "yandex_vpc_security_group.internal-sg",
            "yandex_vpc_security_group.zabbix-server-sg",
            "yandex_vpc_subnet.bastion-ext",
            "yandex_vpc_subnet.bastion-web1",
            "yandex_vpc_subnet.bastion-web2"
          ]
        }
      ]
    },
    {
      "mode": "managed",
      "type": "yandex_compute_instance",
      "name": "zabbix-server",
      "provider": "provider[\"registry.terraform.io/yandex-cloud/yandex\"]",
      "instances": [
        {
          "schema_version": 1,
          "attributes": {
            "allow_recreate": null,
            "allow_stopping_for_update": true,
            "boot_disk": [
              {
                "auto_delete": true,
                "device_name": "fhm74bgrfufq19ddhdu7",
                "disk_id": "fhm74bgrfufq19ddhdu7",
                "initialize_params": [
                  {
                    "block_size": 4096,
                    "description": "",
                    "image_id": "fd8la94d0qhv8eadc3tn",
                    "name": "",
                    "size": 10,
                    "snapshot_id": "",
                    "type": "network-hdd"
                  }
                ],
                "mode": "READ_WRITE"
              }
            ],
            "created_at": "2024-11-16T17:14:17Z",
            "description": "",
            "filesystem": [],
            "folder_id": "b1gg47fletvcualrhmop",
            "fqdn": "zabbix-server.ru-central1.internal",
            "gpu_cluster_id": "",
            "hardware_generation": [
              {
                "generation2_features": [],
                "legacy_features": [
                  {
                    "pci_topology": "PCI_TOPOLOGY_V1"
                  }
                ]
              }
            ],
            "hostname": "zabbix-server",
            "id": "fhmnh2jqdgpnpmvfbaao",
            "labels": {},
            "local_disk": [],
            "maintenance_grace_period": "",
            "maintenance_policy": null,
            "metadata": {
              "user-data": "#cloud-config\n\nusers:\n  - name: boris\n    groups: sudo\n    shell: /bin/bash\n    sudo: ['ALL=(ALL) NOPASSWD:ALL']\n    ssh_authorized_keys:\n      - ssh-ed25519 AAAAC3NzaC1lZDI1NTE5AAAAIJeq2ZAnrYuOC8xl4OdNC3as/otDyf/vMTg3BEIuSz0A boris@boris-VirtualBox"
            },
            "metadata_options": [
              {
                "aws_v1_http_endpoint": 1,
                "aws_v1_http_token": 2,
                "gce_http_endpoint": 1,
                "gce_http_token": 1
              }
            ],
            "name": "zabbix-server",
            "network_acceleration_type": "standard",
            "network_interface": [
              {
                "dns_record": [
                  {
                    "dns_zone_id": "",
                    "fqdn": "zabbix.srv.",
                    "ptr": false,
                    "ttl": 300
                  }
                ],
                "index": 0,
                "ip_address": "192.168.3.20",
                "ipv4": true,
                "ipv6": false,
                "ipv6_address": "",
                "ipv6_dns_record": [],
                "mac_address": "d0:0d:17:88:a7:a6",
                "nat": true,
                "nat_dns_record": [],
                "nat_ip_address": "89.169.143.194",
                "nat_ip_version": "IPV4",
                "security_group_ids": [
                  "enp8vadg9i2rp70h2kou",
                  "enp9d0denip2sp1ftoou",
                  "enpjdov1i85mq4u6qg14"
                ],
                "subnet_id": "e9blbcrj3mn3dm6kf1t6"
              }
            ],
            "placement_policy": [
              {
                "host_affinity_rules": [],
                "placement_group_id": "",
                "placement_group_partition": 0
              }
            ],
            "platform_id": "standard-v1",
            "resources": [
              {
                "core_fraction": 20,
                "cores": 2,
                "gpus": 0,
                "memory": 2
              }
            ],
            "scheduling_policy": [
              {
                "preemptible": true
              }
            ],
            "secondary_disk": [],
            "service_account_id": "",
            "status": "running",
            "timeouts": null,
            "zone": "ru-central1-a"
          },
          "sensitive_attributes": [],
          "private": "eyJlMmJmYjczMC1lY2FhLTExZTYtOGY4OC0zNDM2M2JjN2M0YzAiOnsiY3JlYXRlIjozMDAwMDAwMDAwMDAsImRlbGV0ZSI6MzAwMDAwMDAwMDAwLCJ1cGRhdGUiOjMwMDAwMDAwMDAwMH0sInNjaGVtYV92ZXJzaW9uIjoiMSJ9",
          "dependencies": [
            "yandex_vpc_gateway.nat_gateway",
            "yandex_vpc_network.bastion-network",
            "yandex_vpc_route_table.rout",
            "yandex_vpc_security_group.external-ssh-sg",
            "yandex_vpc_security_group.internal-sg",
            "yandex_vpc_security_group.zabbix-server-sg",
            "yandex_vpc_subnet.bastion-ext",
            "yandex_vpc_subnet.bastion-web1",
            "yandex_vpc_subnet.bastion-web2"
          ]
        }
      ]
    },
    {
      "mode": "managed",
      "type": "yandex_compute_snapshot_schedule",
      "name": "snapshot",
      "provider": "provider[\"registry.terraform.io/yandex-cloud/yandex\"]",
      "instances": [
        {
          "schema_version": 0,
          "attributes": {
            "created_at": "2024-11-16T17:15:31Z",
            "description": "",
            "disk_ids": [
              "epdkdu034fdv2rp2gtuo",
              "epdo3njse3anff77745g",
              "fhm74bgrfufq19ddhdu7",
              "fhm7o30r2evdcvj7eh3b",
              "fhmq60116l80t7873aaf",
              "fhmuepvothc9ho99i0hv"
            ],
            "folder_id": "b1gg47fletvcualrhmop",
            "id": "fd8lj4nd249okvrfqh65",
            "labels": {},
            "name": "snapshot",
            "retention_period": "",
            "schedule_policy": [
              {
                "expression": "0 10 ? * *",
                "start_at": "1970-01-01T00:00:00Z"
              }
            ],
            "snapshot_count": 0,
            "snapshot_spec": [
              {
                "description": "daily-snapshot",
                "labels": {}
              }
            ],
            "status": "active",
            "timeouts": null
          },
          "sensitive_attributes": [],
          "private": "eyJlMmJmYjczMC1lY2FhLTExZTYtOGY4OC0zNDM2M2JjN2M0YzAiOnsiY3JlYXRlIjozMDAwMDAwMDAwMDAsImRlbGV0ZSI6MzAwMDAwMDAwMDAwLCJ1cGRhdGUiOjMwMDAwMDAwMDAwMH19",
          "dependencies": [
            "yandex_compute_instance.bastion",
            "yandex_compute_instance.elasticsearch",
            "yandex_compute_instance.kibana",
            "yandex_compute_instance.web1",
            "yandex_compute_instance.web2",
            "yandex_compute_instance.zabbix-server",
            "yandex_vpc_gateway.nat_gateway",
            "yandex_vpc_network.bastion-network",
            "yandex_vpc_route_table.rout",
            "yandex_vpc_security_group.alb-sg",
            "yandex_vpc_security_group.external-ssh-sg",
            "yandex_vpc_security_group.internal-sg",
            "yandex_vpc_security_group.kibana-sg",
            "yandex_vpc_security_group.zabbix-server-sg",
            "yandex_vpc_subnet.bastion-ext",
            "yandex_vpc_subnet.bastion-web1",
            "yandex_vpc_subnet.bastion-web2"
          ]
        }
      ]
    },
    {
      "mode": "managed",
      "type": "yandex_vpc_gateway",
      "name": "nat_gateway",
      "provider": "provider[\"registry.terraform.io/yandex-cloud/yandex\"]",
      "instances": [
        {
          "schema_version": 0,
          "attributes": {
            "created_at": "2024-11-16T17:14:10Z",
            "description": "",
            "folder_id": "b1gg47fletvcualrhmop",
            "id": "enpkq1knoeg12t0b5c5s",
            "labels": {},
            "name": "nat-gateway",
            "shared_egress_gateway": [
              {}
            ],
            "timeouts": null
          },
          "sensitive_attributes": [],
          "private": "eyJlMmJmYjczMC1lY2FhLTExZTYtOGY4OC0zNDM2M2JjN2M0YzAiOnsiY3JlYXRlIjo2MDAwMDAwMDAwMCwiZGVsZXRlIjo2MDAwMDAwMDAwMCwidXBkYXRlIjo2MDAwMDAwMDAwMH19"
        }
      ]
    },
    {
      "mode": "managed",
      "type": "yandex_vpc_network",
      "name": "bastion-network",
      "provider": "provider[\"registry.terraform.io/yandex-cloud/yandex\"]",
      "instances": [
        {
          "schema_version": 0,
          "attributes": {
            "created_at": "2024-11-16T17:14:10Z",
            "default_security_group_id": "enp1g2mp3gh74ug35u3l",
            "description": "",
            "folder_id": "b1gg47fletvcualrhmop",
            "id": "enpfg1qsamdbptqi09kd",
            "labels": {},
            "name": "bastion-network",
            "subnet_ids": [
              "e2l4gdut9ktrugqj12rj",
              "e2l58qejll5kmjqnvfhc",
              "e9bjbval8hpu2q93t6fa",
              "e9blbcrj3mn3dm6kf1t6"
            ],
            "timeouts": null
          },
          "sensitive_attributes": [],
          "private": "eyJlMmJmYjczMC1lY2FhLTExZTYtOGY4OC0zNDM2M2JjN2M0YzAiOnsiY3JlYXRlIjo2MDAwMDAwMDAwMCwiZGVsZXRlIjo2MDAwMDAwMDAwMCwidXBkYXRlIjo2MDAwMDAwMDAwMH19"
        }
      ]
    },
    {
      "mode": "managed",
      "type": "yandex_vpc_route_table",
      "name": "rout",
      "provider": "provider[\"registry.terraform.io/yandex-cloud/yandex\"]",
      "instances": [
        {
          "schema_version": 0,
          "attributes": {
            "created_at": "2024-11-16T17:14:12Z",
            "description": "",
            "folder_id": "b1gg47fletvcualrhmop",
            "id": "enpqnk6q4pgtuiev0nkq",
            "labels": {},
            "name": "rout",
            "network_id": "enpfg1qsamdbptqi09kd",
            "static_route": [
              {
                "destination_prefix": "0.0.0.0/0",
                "gateway_id": "enpkq1knoeg12t0b5c5s",
                "next_hop_address": ""
              }
            ],
            "timeouts": null
          },
          "sensitive_attributes": [],
          "private": "eyJlMmJmYjczMC1lY2FhLTExZTYtOGY4OC0zNDM2M2JjN2M0YzAiOnsiY3JlYXRlIjoxODAwMDAwMDAwMDAsImRlbGV0ZSI6MTgwMDAwMDAwMDAwLCJ1cGRhdGUiOjE4MDAwMDAwMDAwMH19",
          "dependencies": [
            "yandex_vpc_gateway.nat_gateway",
            "yandex_vpc_network.bastion-network"
          ]
        }
      ]
    },
    {
      "mode": "managed",
      "type": "yandex_vpc_security_group",
      "name": "alb-sg",
      "provider": "provider[\"registry.terraform.io/yandex-cloud/yandex\"]",
      "instances": [
        {
          "schema_version": 0,
          "attributes": {
            "created_at": "2024-11-16T17:14:13Z",
            "description": "",
            "egress": [
              {
                "description": "allow any outgoing connection",
                "from_port": -1,
                "id": "enp1gub2pt5lrmgblduq",
                "labels": {},
                "port": -1,
                "predefined_target": "",
                "protocol": "ANY",
                "security_group_id": "",
                "to_port": -1,
                "v4_cidr_blocks": [
                  "0.0.0.0/0"
                ],
                "v6_cidr_blocks": []
              }
            ],
            "folder_id": "b1gg47fletvcualrhmop",
            "id": "enpn5ck9mtu8f21a7616",
            "ingress": [
              {
                "description": "",
                "from_port": -1,
                "id": "enp3u279k3b3kd9f5mp8",
                "labels": {},
                "port": 80,
                "predefined_target": "",
                "protocol": "TCP",
                "security_group_id": "",
                "to_port": -1,
                "v4_cidr_blocks": [
                  "0.0.0.0/0"
                ],
                "v6_cidr_blocks": []
              },
              {
                "description": "health checks",
                "from_port": -1,
                "id": "enpg4nu1kmbi2ttgm7m7",
                "labels": {},
                "port": -1,
                "predefined_target": "",
                "protocol": "ANY",
                "security_group_id": "",
                "to_port": -1,
                "v4_cidr_blocks": [
                  "0.0.0.0/0"
                ],
                "v6_cidr_blocks": []
              }
            ],
            "labels": {},
            "name": "alb-sg",
            "network_id": "enpfg1qsamdbptqi09kd",
            "status": "ACTIVE",
            "timeouts": null
          },
          "sensitive_attributes": [],
          "private": "eyJlMmJmYjczMC1lY2FhLTExZTYtOGY4OC0zNDM2M2JjN2M0YzAiOnsiY3JlYXRlIjoxODAwMDAwMDAwMDAsImRlbGV0ZSI6MTgwMDAwMDAwMDAwLCJ1cGRhdGUiOjE4MDAwMDAwMDAwMH19",
          "dependencies": [
            "yandex_vpc_network.bastion-network"
          ]
        }
      ]
    },
    {
      "mode": "managed",
      "type": "yandex_vpc_security_group",
      "name": "external-ssh-sg",
      "provider": "provider[\"registry.terraform.io/yandex-cloud/yandex\"]",
      "instances": [
        {
          "schema_version": 0,
          "attributes": {
            "created_at": "2024-11-16T17:14:16Z",
            "description": "Внешний для ssh",
            "egress": [
              {
                "description": "Исходящий трафик любой, на любой адрес, на любой порт",
                "from_port": 0,
                "id": "enptt3t1334b5ro0261q",
                "labels": {},
                "port": -1,
                "predefined_target": "",
                "protocol": "ANY",
                "security_group_id": "",
                "to_port": 65535,
                "v4_cidr_blocks": [
                  "0.0.0.0/0"
                ],
                "v6_cidr_blocks": []
              }
            ],
            "folder_id": "b1gg47fletvcualrhmop",
            "id": "enpjdov1i85mq4u6qg14",
            "ingress": [
              {
                "description": "Входящий трафик TCP, из локального ssh, на порт 22",
                "from_port": -1,
                "id": "enpabmn95v0gmjgu6evq",
                "labels": {},
                "port": 22,
                "predefined_target": "",
                "protocol": "TCP",
                "security_group_id": "enp9d0denip2sp1ftoou",
                "to_port": -1,
                "v4_cidr_blocks": [],
                "v6_cidr_blocks": []
              },
              {
                "description": "Входящий трафик TCP, с любого адреса, на порт 22",
                "from_port": -1,
                "id": "enpph7gds5dafvr4bcle",
                "labels": {},
                "port": 22,
                "predefined_target": "",
                "protocol": "TCP",
                "security_group_id": "",
                "to_port": -1,
                "v4_cidr_blocks": [
                  "0.0.0.0/0"
                ],
                "v6_cidr_blocks": []
              },
              {
                "description": "Входящий трафик allow ping",
                "from_port": -1,
                "id": "enpqlpcs1pjrf6g5mpd6",
                "labels": {},
                "port": -1,
                "predefined_target": "",
                "protocol": "ICMP",
                "security_group_id": "",
                "to_port": -1,
                "v4_cidr_blocks": [
                  "0.0.0.0/0"
                ],
                "v6_cidr_blocks": []
              }
            ],
            "labels": {},
            "name": "external-ssh-sg",
            "network_id": "enpfg1qsamdbptqi09kd",
            "status": "ACTIVE",
            "timeouts": null
          },
          "sensitive_attributes": [],
          "private": "eyJlMmJmYjczMC1lY2FhLTExZTYtOGY4OC0zNDM2M2JjN2M0YzAiOnsiY3JlYXRlIjoxODAwMDAwMDAwMDAsImRlbGV0ZSI6MTgwMDAwMDAwMDAwLCJ1cGRhdGUiOjE4MDAwMDAwMDAwMH19",
          "dependencies": [
            "yandex_vpc_network.bastion-network",
            "yandex_vpc_security_group.internal-sg"
          ]
        }
      ]
    },
    {
      "mode": "managed",
      "type": "yandex_vpc_security_group",
      "name": "internal-sg",
      "provider": "provider[\"registry.terraform.io/yandex-cloud/yandex\"]",
      "instances": [
        {
          "schema_version": 0,
          "attributes": {
            "created_at": "2024-11-16T17:14:12Z",
            "description": "Внутренний локальный",
            "egress": [
              {
                "description": "Исходящий трафик на любой порт",
                "from_port": 0,
                "id": "enpm8h4d5tpjkrnm0p27",
                "labels": {},
                "port": -1,
                "predefined_target": "",
                "protocol": "ANY",
                "security_group_id": "",
                "to_port": 65535,
                "v4_cidr_blocks": [
                  "0.0.0.0/0"
                ],
                "v6_cidr_blocks": []
              }
            ],
            "folder_id": "b1gg47fletvcualrhmop",
            "id": "enp9d0denip2sp1ftoou",
            "ingress": [
              {
                "description": "Разрешает взаимодействие между ресурсами текущей группы безопасности",
                "from_port": 0,
                "id": "enphqob13dnim949nu3h",
                "labels": {},
                "port": -1,
                "predefined_target": "self_security_group",
                "protocol": "ANY",
                "security_group_id": "",
                "to_port": 65535,
                "v4_cidr_blocks": [],
                "v6_cidr_blocks": []
              }
            ],
            "labels": {},
            "name": "internal-sg",
            "network_id": "enpfg1qsamdbptqi09kd",
            "status": "ACTIVE",
            "timeouts": null
          },
          "sensitive_attributes": [],
          "private": "eyJlMmJmYjczMC1lY2FhLTExZTYtOGY4OC0zNDM2M2JjN2M0YzAiOnsiY3JlYXRlIjoxODAwMDAwMDAwMDAsImRlbGV0ZSI6MTgwMDAwMDAwMDAwLCJ1cGRhdGUiOjE4MDAwMDAwMDAwMH19",
          "dependencies": [
            "yandex_vpc_network.bastion-network"
          ]
        }
      ]
    },
    {
      "mode": "managed",
      "type": "yandex_vpc_security_group",
      "name": "kibana-sg",
      "provider": "provider[\"registry.terraform.io/yandex-cloud/yandex\"]",
      "instances": [
        {
          "schema_version": 0,
          "attributes": {
            "created_at": "2024-11-16T17:14:14Z",
            "description": "",
            "egress": [
              {
                "description": "allow any outgoing connection",
                "from_port": -1,
                "id": "enpu37umaaqjf7bfokff",
                "labels": {},
                "port": -1,
                "predefined_target": "",
                "protocol": "ANY",
                "security_group_id": "",
                "to_port": -1,
                "v4_cidr_blocks": [
                  "0.0.0.0/0"
                ],
                "v6_cidr_blocks": []
              }
            ],
            "folder_id": "b1gg47fletvcualrhmop",
            "id": "enps7np0iltm9v2ip0pj",
            "ingress": [
              {
                "description": "",
                "from_port": -1,
                "id": "enp9pclbl1jsoh749eub",
                "labels": {},
                "port": 5601,
                "predefined_target": "",
                "protocol": "TCP",
                "security_group_id": "",
                "to_port": -1,
                "v4_cidr_blocks": [
                  "0.0.0.0/0"
                ],
                "v6_cidr_blocks": []
              },
              {
                "description": "allow ping",
                "from_port": -1,
                "id": "enp6alkiciu3gcubk66j",
                "labels": {},
                "port": -1,
                "predefined_target": "",
                "protocol": "ICMP",
                "security_group_id": "",
                "to_port": -1,
                "v4_cidr_blocks": [
                  "0.0.0.0/0"
                ],
                "v6_cidr_blocks": []
              }
            ],
            "labels": {},
            "name": "kibana-sg",
            "network_id": "enpfg1qsamdbptqi09kd",
            "status": "ACTIVE",
            "timeouts": null
          },
          "sensitive_attributes": [],
          "private": "eyJlMmJmYjczMC1lY2FhLTExZTYtOGY4OC0zNDM2M2JjN2M0YzAiOnsiY3JlYXRlIjoxODAwMDAwMDAwMDAsImRlbGV0ZSI6MTgwMDAwMDAwMDAwLCJ1cGRhdGUiOjE4MDAwMDAwMDAwMH19",
          "dependencies": [
            "yandex_vpc_network.bastion-network"
          ]
        }
      ]
    },
    {
      "mode": "managed",
      "type": "yandex_vpc_security_group",
      "name": "zabbix-server-sg",
      "provider": "provider[\"registry.terraform.io/yandex-cloud/yandex\"]",
      "instances": [
        {
          "schema_version": 0,
          "attributes": {
            "created_at": "2024-11-16T17:14:15Z",
            "description": "",
            "egress": [
              {
                "description": "allow any outgoing connection",
                "from_port": -1,
                "id": "enp93sk3di1j5tr98h4o",
                "labels": {},
                "port": -1,
                "predefined_target": "",
                "protocol": "ANY",
                "security_group_id": "",
                "to_port": -1,
                "v4_cidr_blocks": [
                  "0.0.0.0/0"
                ],
                "v6_cidr_blocks": []
              }
            ],
            "folder_id": "b1gg47fletvcualrhmop",
            "id": "enp8vadg9i2rp70h2kou",
            "ingress": [
              {
                "description": "",
                "from_port": -1,
                "id": "enpa6ue15tlmeq92md3u",
                "labels": {},
                "port": 80,
                "predefined_target": "",
                "protocol": "TCP",
                "security_group_id": "",
                "to_port": -1,
                "v4_cidr_blocks": [
                  "0.0.0.0/0"
                ],
                "v6_cidr_blocks": []
              },
              {
                "description": "",
                "from_port": 10050,
                "id": "enp75ojde50hu4ppu8sg",
                "labels": {},
                "port": -1,
                "predefined_target": "",
                "protocol": "TCP",
                "security_group_id": "",
                "to_port": 10051,
                "v4_cidr_blocks": [
                  "192.168.2.0/24"
                ],
                "v6_cidr_blocks": []
              },
              {
                "description": "",
                "from_port": 10050,
                "id": "enp9v61uqnlmlbbm1ujo",
                "labels": {},
                "port": -1,
                "predefined_target": "",
                "protocol": "TCP",
                "security_group_id": "",
                "to_port": 10052,
                "v4_cidr_blocks": [
                  "192.168.3.0/24"
                ],
                "v6_cidr_blocks": []
              },
              {
                "description": "",
                "from_port": 10050,
                "id": "enpuv08nk7g7ddhqmnr8",
                "labels": {},
                "port": -1,
                "predefined_target": "",
                "protocol": "TCP",
                "security_group_id": "",
                "to_port": 10051,
                "v4_cidr_blocks": [
                  "192.168.1.0/24"
                ],
                "v6_cidr_blocks": []
              },
              {
                "description": "allow ping",
                "from_port": -1,
                "id": "enpi61k5id76ru6gmj6h",
                "labels": {},
                "port": -1,
                "predefined_target": "",
                "protocol": "ICMP",
                "security_group_id": "",
                "to_port": -1,
                "v4_cidr_blocks": [
                  "0.0.0.0/0"
                ],
                "v6_cidr_blocks": []
              }
            ],
            "labels": {},
            "name": "zabbix-server-sg",
            "network_id": "enpfg1qsamdbptqi09kd",
            "status": "ACTIVE",
            "timeouts": null
          },
          "sensitive_attributes": [],
          "private": "eyJlMmJmYjczMC1lY2FhLTExZTYtOGY4OC0zNDM2M2JjN2M0YzAiOnsiY3JlYXRlIjoxODAwMDAwMDAwMDAsImRlbGV0ZSI6MTgwMDAwMDAwMDAwLCJ1cGRhdGUiOjE4MDAwMDAwMDAwMH19",
          "dependencies": [
            "yandex_vpc_gateway.nat_gateway",
            "yandex_vpc_network.bastion-network",
            "yandex_vpc_route_table.rout",
            "yandex_vpc_subnet.bastion-ext",
            "yandex_vpc_subnet.bastion-web1",
            "yandex_vpc_subnet.bastion-web2"
          ]
        }
      ]
    },
    {
      "mode": "managed",
      "type": "yandex_vpc_subnet",
      "name": "bastion-balans",
      "provider": "provider[\"registry.terraform.io/yandex-cloud/yandex\"]",
      "instances": [
        {
          "schema_version": 0,
          "attributes": {
            "created_at": "2024-11-16T17:14:11Z",
            "description": "",
            "dhcp_options": [],
            "folder_id": "b1gg47fletvcualrhmop",
            "id": "e2l4gdut9ktrugqj12rj",
            "labels": {},
            "name": "bastion-balans",
            "network_id": "enpfg1qsamdbptqi09kd",
            "route_table_id": "",
            "timeouts": null,
            "v4_cidr_blocks": [
              "192.168.4.0/24"
            ],
            "v6_cidr_blocks": [],
            "zone": "ru-central1-b"
          },
          "sensitive_attributes": [],
          "private": "eyJlMmJmYjczMC1lY2FhLTExZTYtOGY4OC0zNDM2M2JjN2M0YzAiOnsiY3JlYXRlIjoxODAwMDAwMDAwMDAsImRlbGV0ZSI6MTgwMDAwMDAwMDAwLCJ1cGRhdGUiOjE4MDAwMDAwMDAwMH19",
          "dependencies": [
            "yandex_vpc_network.bastion-network"
          ]
        }
      ]
    },
    {
      "mode": "managed",
      "type": "yandex_vpc_subnet",
      "name": "bastion-ext",
      "provider": "provider[\"registry.terraform.io/yandex-cloud/yandex\"]",
      "instances": [
        {
          "schema_version": 0,
          "attributes": {
            "created_at": "2024-11-16T17:14:11Z",
            "description": "",
            "dhcp_options": [],
            "folder_id": "b1gg47fletvcualrhmop",
            "id": "e9blbcrj3mn3dm6kf1t6",
            "labels": {},
            "name": "bastion-ext",
            "network_id": "enpfg1qsamdbptqi09kd",
            "route_table_id": "",
            "timeouts": null,
            "v4_cidr_blocks": [
              "192.168.3.0/24"
            ],
            "v6_cidr_blocks": [],
            "zone": "ru-central1-a"
          },
          "sensitive_attributes": [],
          "private": "eyJlMmJmYjczMC1lY2FhLTExZTYtOGY4OC0zNDM2M2JjN2M0YzAiOnsiY3JlYXRlIjoxODAwMDAwMDAwMDAsImRlbGV0ZSI6MTgwMDAwMDAwMDAwLCJ1cGRhdGUiOjE4MDAwMDAwMDAwMH19",
          "dependencies": [
            "yandex_vpc_network.bastion-network"
          ]
        }
      ]
    },
    {
      "mode": "managed",
      "type": "yandex_vpc_subnet",
      "name": "bastion-web1",
      "provider": "provider[\"registry.terraform.io/yandex-cloud/yandex\"]",
      "instances": [
        {
          "schema_version": 0,
          "attributes": {
            "created_at": "2024-11-16T17:14:13Z",
            "description": "",
            "dhcp_options": [],
            "folder_id": "b1gg47fletvcualrhmop",
            "id": "e9bjbval8hpu2q93t6fa",
            "labels": {},
            "name": "bastion-web1",
            "network_id": "enpfg1qsamdbptqi09kd",
            "route_table_id": "enpqnk6q4pgtuiev0nkq",
            "timeouts": null,
            "v4_cidr_blocks": [
              "192.168.1.0/24"
            ],
            "v6_cidr_blocks": [],
            "zone": "ru-central1-a"
          },
          "sensitive_attributes": [],
          "private": "eyJlMmJmYjczMC1lY2FhLTExZTYtOGY4OC0zNDM2M2JjN2M0YzAiOnsiY3JlYXRlIjoxODAwMDAwMDAwMDAsImRlbGV0ZSI6MTgwMDAwMDAwMDAwLCJ1cGRhdGUiOjE4MDAwMDAwMDAwMH19",
          "dependencies": [
            "yandex_vpc_gateway.nat_gateway",
            "yandex_vpc_network.bastion-network",
            "yandex_vpc_route_table.rout"
          ]
        }
      ]
    },
    {
      "mode": "managed",
      "type": "yandex_vpc_subnet",
      "name": "bastion-web2",
      "provider": "provider[\"registry.terraform.io/yandex-cloud/yandex\"]",
      "instances": [
        {
          "schema_version": 0,
          "attributes": {
            "created_at": "2024-11-16T17:14:13Z",
            "description": "",
            "dhcp_options": [],
            "folder_id": "b1gg47fletvcualrhmop",
            "id": "e2l58qejll5kmjqnvfhc",
            "labels": {},
            "name": "bastion-web2",
            "network_id": "enpfg1qsamdbptqi09kd",
            "route_table_id": "enpqnk6q4pgtuiev0nkq",
            "timeouts": null,
            "v4_cidr_blocks": [
              "192.168.2.0/24"
            ],
            "v6_cidr_blocks": [],
            "zone": "ru-central1-b"
          },
          "sensitive_attributes": [],
          "private": "eyJlMmJmYjczMC1lY2FhLTExZTYtOGY4OC0zNDM2M2JjN2M0YzAiOnsiY3JlYXRlIjoxODAwMDAwMDAwMDAsImRlbGV0ZSI6MTgwMDAwMDAwMDAwLCJ1cGRhdGUiOjE4MDAwMDAwMDAwMH19",
          "dependencies": [
            "yandex_vpc_gateway.nat_gateway",
            "yandex_vpc_network.bastion-network",
            "yandex_vpc_route_table.rout"
          ]
        }
      ]
    }
  ],
  "check_results": null
}
